{
	"name": "TaxiApp",
	"version": "0.0.1",
	"lockfileVersion": 1,
	"requires": true,
	"dependencies": {
		"ansi-escapes": {
			"version": "1.4.0",
			"resolved": "https://registry.npmjs.org/ansi-escapes/-/ansi-escapes-1.4.0.tgz",
			"integrity": "sha1-06ioOzGapneTZisT52HHkRQiMG4="
		},
		"ansi-regex": {
			"version": "2.1.1",
			"resolved": "https://registry.npmjs.org/ansi-regex/-/ansi-regex-2.1.1.tgz",
			"integrity": "sha1-w7M6te42DYbg5ijwRorn7yfWVN8="
		},
		"ansi-styles": {
			"version": "2.2.1",
			"resolved": "https://registry.npmjs.org/ansi-styles/-/ansi-styles-2.2.1.tgz",
			"integrity": "sha1-tDLdM1i2NM914eRmQ2gkBTPB3b4="
		},
		"asap": {
			"version": "2.0.6",
			"resolved": "https://registry.npmjs.org/asap/-/asap-2.0.6.tgz",
			"integrity": "sha1-5QNHYR1+aQlDIIu9r+vLwvuGbUY="
		},
		"babel-plugin-transform-define": {
			"version": "1.3.0",
			"resolved": "https://registry.npmjs.org/babel-plugin-transform-define/-/babel-plugin-transform-define-1.3.0.tgz",
			"integrity": "sha1-lMX5RZyBDHOMx8UMvUSjGCnW8xk=",
			"requires": {
				"lodash": "4.17.4",
				"traverse": "0.6.6"
			}
		},
		"babel-polyfill": {
			"version": "6.23.0",
			"resolved": "https://registry.npmjs.org/babel-polyfill/-/babel-polyfill-6.23.0.tgz",
			"integrity": "sha1-g2TKYt+Or7gwSZ9pkXdGbDsDSZ0=",
			"requires": {
				"babel-runtime": "6.26.0",
				"core-js": "2.5.1",
				"regenerator-runtime": "0.10.5"
			},
			"dependencies": {
				"core-js": {
					"version": "2.5.1",
					"resolved": "https://registry.npmjs.org/core-js/-/core-js-2.5.1.tgz",
					"integrity": "sha1-rmh03GaTd4m4B1T/VCjfZoGcpQs="
				}
			}
		},
		"babel-runtime": {
			"version": "6.26.0",
			"resolved": "https://registry.npmjs.org/babel-runtime/-/babel-runtime-6.26.0.tgz",
			"integrity": "sha1-llxwWGaOgrVde/4E/yM3vItWR/4=",
			"requires": {
				"core-js": "2.5.1",
				"regenerator-runtime": "0.11.0"
			},
			"dependencies": {
				"core-js": {
					"version": "2.5.1",
					"resolved": "https://registry.npmjs.org/core-js/-/core-js-2.5.1.tgz",
					"integrity": "sha1-rmh03GaTd4m4B1T/VCjfZoGcpQs="
				},
				"regenerator-runtime": {
					"version": "0.11.0",
					"resolved": "https://registry.npmjs.org/regenerator-runtime/-/regenerator-runtime-0.11.0.tgz",
					"integrity": "sha512-/aA0kLeRb5N9K0d4fw7ooEbI+xDe+DKD499EQqygGqeS8N3xto15p09uY2xj7ixP81sNPXvRLnAQIqdVStgb1A=="
				}
			}
		},
		"chalk": {
			"version": "1.1.3",
			"resolved": "https://registry.npmjs.org/chalk/-/chalk-1.1.3.tgz",
			"integrity": "sha1-qBFcVeSnAv5NFQq9OHKCKn4J/Jg=",
			"requires": {
				"ansi-styles": "2.2.1",
				"escape-string-regexp": "1.0.5",
				"has-ansi": "2.0.0",
				"strip-ansi": "3.0.1",
				"supports-color": "2.0.0"
			}
		},
		"clamp": {
			"version": "1.0.1",
			"resolved": "https://registry.npmjs.org/clamp/-/clamp-1.0.1.tgz",
			"integrity": "sha1-ZqDmQBGBbjcZaCj9yMjBRzEshjQ="
		},
		"cli-cursor": {
			"version": "2.1.0",
			"resolved": "https://registry.npmjs.org/cli-cursor/-/cli-cursor-2.1.0.tgz",
			"integrity": "sha1-s12sN2R5+sw+lHR9QdDQ9SOP/LU=",
			"requires": {
				"restore-cursor": "2.0.0"
			}
		},
		"cli-width": {
			"version": "2.2.0",
			"resolved": "https://registry.npmjs.org/cli-width/-/cli-width-2.2.0.tgz",
			"integrity": "sha1-/xnt6Kml5XkyQUewwR8PvLq+1jk="
		},
		"core-js": {
			"version": "1.2.7",
			"resolved": "https://registry.npmjs.org/core-js/-/core-js-1.2.7.tgz",
			"integrity": "sha1-ZSKUwUZR2yj6k70tX/KYOk8IxjY="
		},
		"deep-diff": {
			"version": "0.3.8",
			"resolved": "https://registry.npmjs.org/deep-diff/-/deep-diff-0.3.8.tgz",
			"integrity": "sha1-wB3mPvsO7JeYgB1Ax+Da4ltYLIQ=",
			"dev": true
		},
		"encoding": {
			"version": "0.1.12",
			"resolved": "https://registry.npmjs.org/encoding/-/encoding-0.1.12.tgz",
			"integrity": "sha1-U4tm8+5izRq1HsMjgp0flIDHS+s=",
			"requires": {
				"iconv-lite": "0.4.19"
			}
		},
		"escape-string-regexp": {
			"version": "1.0.5",
			"resolved": "https://registry.npmjs.org/escape-string-regexp/-/escape-string-regexp-1.0.5.tgz",
			"integrity": "sha1-G2HAViGQqN/2rjuyzwIAyhMLhtQ="
		},
		"external-editor": {
			"version": "2.0.5",
			"resolved": "https://registry.npmjs.org/external-editor/-/external-editor-2.0.5.tgz",
			"integrity": "sha512-Msjo64WT5W+NhOpQXh0nOHm+n0RfU1QUwDnKYvJ8dEJ8zlwLrqXNTv5mSUTJpepf41PDJGyhueTw2vNZW+Fr/w==",
			"requires": {
				"iconv-lite": "0.4.19",
				"jschardet": "1.6.0",
				"tmp": "0.0.33"
			}
		},
		"fbjs": {
			"version": "0.8.16",
			"resolved": "https://registry.npmjs.org/fbjs/-/fbjs-0.8.16.tgz",
			"integrity": "sha1-XmdDL1UNxBtXK/VYR7ispk5TN9s=",
			"requires": {
				"core-js": "1.2.7",
				"isomorphic-fetch": "2.2.1",
				"loose-envify": "1.3.1",
				"object-assign": "4.1.1",
				"promise": "7.3.1",
				"setimmediate": "1.0.5",
				"ua-parser-js": "0.7.17"
			}
		},
		"figures": {
			"version": "2.0.0",
			"resolved": "https://registry.npmjs.org/figures/-/figures-2.0.0.tgz",
			"integrity": "sha1-OrGi0qYsi/tDGgyUy3l6L84nyWI=",
			"requires": {
				"escape-string-regexp": "1.0.5"
			}
		},
		"has-ansi": {
			"version": "2.0.0",
			"resolved": "https://registry.npmjs.org/has-ansi/-/has-ansi-2.0.0.tgz",
			"integrity": "sha1-NPUEnOHs3ysGSa8+8k5F7TVBbZE=",
			"requires": {
				"ansi-regex": "2.1.1"
			}
		},
		"hoist-non-react-statics": {
			"version": "2.3.1",
			"resolved": "https://registry.npmjs.org/hoist-non-react-statics/-/hoist-non-react-statics-2.3.1.tgz",
			"integrity": "sha1-ND24TGAYxlB3iJgkATWhQg7iLOA="
		},
		"iconv-lite": {
			"version": "0.4.19",
			"resolved": "https://registry.npmjs.org/iconv-lite/-/iconv-lite-0.4.19.tgz",
			"integrity": "sha512-oTZqweIP51xaGPI4uPa56/Pri/480R+mo7SeU+YETByQNhDG55ycFyNLIgta9vXhILrxXDmF7ZGhqZIcuN0gJQ=="
		},
		"inquirer": {
			"version": "3.0.6",
			"resolved": "https://registry.npmjs.org/inquirer/-/inquirer-3.0.6.tgz",
			"integrity": "sha1-4EqqnQW3o8ubD0B9BDdfBEcZA0c=",
			"requires": {
				"ansi-escapes": "1.4.0",
				"chalk": "1.1.3",
				"cli-cursor": "2.1.0",
				"cli-width": "2.2.0",
				"external-editor": "2.0.5",
				"figures": "2.0.0",
				"lodash": "4.17.4",
				"mute-stream": "0.0.7",
				"run-async": "2.3.0",
				"rx": "4.1.0",
				"string-width": "2.1.1",
				"strip-ansi": "3.0.1",
				"through": "2.3.8"
			}
		},
		"invariant": {
			"version": "2.2.2",
			"resolved": "https://registry.npmjs.org/invariant/-/invariant-2.2.2.tgz",
			"integrity": "sha1-nh9WrArNtr8wMwbzOL47IErmA2A=",
			"requires": {
				"loose-envify": "1.3.1"
			}
		},
		"is-fullwidth-code-point": {
			"version": "2.0.0",
			"resolved": "https://registry.npmjs.org/is-fullwidth-code-point/-/is-fullwidth-code-point-2.0.0.tgz",
			"integrity": "sha1-o7MKXE8ZkYMWeqq5O+764937ZU8="
		},
		"is-promise": {
			"version": "2.1.0",
			"resolved": "https://registry.npmjs.org/is-promise/-/is-promise-2.1.0.tgz",
			"integrity": "sha1-eaKp7OfwlugPNtKy87wWwf9L8/o="
		},
		"is-stream": {
			"version": "1.1.0",
			"resolved": "https://registry.npmjs.org/is-stream/-/is-stream-1.1.0.tgz",
			"integrity": "sha1-EtSj3U5o4Lec6428hBc66A2RykQ="
		},
		"isarray": {
			"version": "0.0.1",
			"resolved": "https://registry.npmjs.org/isarray/-/isarray-0.0.1.tgz",
			"integrity": "sha1-ihis/Kmo9Bd+Cav8YDiTmwXR7t8="
		},
		"isomorphic-fetch": {
			"version": "2.2.1",
			"resolved": "https://registry.npmjs.org/isomorphic-fetch/-/isomorphic-fetch-2.2.1.tgz",
			"integrity": "sha1-YRrhrPFPXoH3KVB0coGf6XM1WKk=",
			"requires": {
				"node-fetch": "1.7.3",
				"whatwg-fetch": "2.0.3"
			}
		},
		"js-tokens": {
			"version": "3.0.2",
			"resolved": "https://registry.npmjs.org/js-tokens/-/js-tokens-3.0.2.tgz",
			"integrity": "sha1-mGbfOVECEw449/mWvOtlRDIJwls="
		},
		"jschardet": {
			"version": "1.6.0",
			"resolved": "https://registry.npmjs.org/jschardet/-/jschardet-1.6.0.tgz",
			"integrity": "sha512-xYuhvQ7I9PDJIGBWev9xm0+SMSed3ZDBAmvVjbFR1ZRLAF+vlXcQu6cRI9uAlj81rzikElRVteehwV7DuX2ZmQ=="
		},
		"lodash": {
			"version": "4.17.4",
			"resolved": "https://registry.npmjs.org/lodash/-/lodash-4.17.4.tgz",
			"integrity": "sha1-eCA6TRwyiuHYbcpkYONptX9AVa4="
		},
		"lodash-es": {
			"version": "4.17.4",
			"resolved": "https://registry.npmjs.org/lodash-es/-/lodash-es-4.17.4.tgz",
			"integrity": "sha1-3MHXVS4VCgZABzupyzHXDwMpUOc="
		},
		"lodash.isequal": {
			"version": "4.5.0",
			"resolved": "https://registry.npmjs.org/lodash.isequal/-/lodash.isequal-4.5.0.tgz",
			"integrity": "sha1-QVxEePK8wwEgwizhDtMib30+GOA="
		},
		"loose-envify": {
			"version": "1.3.1",
			"resolved": "https://registry.npmjs.org/loose-envify/-/loose-envify-1.3.1.tgz",
			"integrity": "sha1-0aitM/qc4OcT1l/dCsi3SNR4yEg=",
			"requires": {
				"js-tokens": "3.0.2"
			}
		},
		"mimic-fn": {
			"version": "1.1.0",
			"resolved": "https://registry.npmjs.org/mimic-fn/-/mimic-fn-1.1.0.tgz",
			"integrity": "sha1-5md4PZLonb00KBi1IwudYqZyrRg="
		},
		"minimist": {
			"version": "1.2.0",
			"resolved": "https://registry.npmjs.org/minimist/-/minimist-1.2.0.tgz",
			"integrity": "sha1-o1AIsg9BOD7sH7kU9M1d95omQoQ="
		},
		"mobx": {
			"version": "3.3.1",
			"resolved": "https://registry.npmjs.org/mobx/-/mobx-3.3.1.tgz",
			"integrity": "sha1-w4/Booeg3aP11Lhe/hE3/t2dzfA="
		},
		"mobx-react": {
			"version": "4.3.4",
			"resolved": "https://registry.npmjs.org/mobx-react/-/mobx-react-4.3.4.tgz",
			"integrity": "sha1-WM2hBbgBj5v4e9beMzrF6w1cnf4=",
			"requires": {
				"hoist-non-react-statics": "2.3.1"
			}
		},
		"mute-stream": {
			"version": "0.0.7",
			"resolved": "https://registry.npmjs.org/mute-stream/-/mute-stream-0.0.7.tgz",
			"integrity": "sha1-MHXOk7whuPq0PhvE2n6BFe0ee6s="
		},
		"node-fetch": {
			"version": "1.7.3",
			"resolved": "https://registry.npmjs.org/node-fetch/-/node-fetch-1.7.3.tgz",
			"integrity": "sha512-NhZ4CsKx7cYm2vSrBAr2PvFOe6sWDf0UYLRqA6svUYg7+/TSfVAu49jYC4BvQ4Sms9SZgdqGBgroqfDhJdTyKQ==",
			"requires": {
				"encoding": "0.1.12",
				"is-stream": "1.1.0"
			}
		},
		"object-assign": {
			"version": "4.1.1",
			"resolved": "https://registry.npmjs.org/object-assign/-/object-assign-4.1.1.tgz",
			"integrity": "sha1-IQmtx5ZYh8/AXLvUQsrIv7s2CGM="
		},
		"onetime": {
			"version": "2.0.1",
			"resolved": "https://registry.npmjs.org/onetime/-/onetime-2.0.1.tgz",
			"integrity": "sha1-BnQoIw/WdEOyeUsiu6UotoZ5YtQ=",
			"requires": {
				"mimic-fn": "1.1.0"
			}
		},
		"opencollective": {
			"version": "1.0.3",
			"resolved": "https://registry.npmjs.org/opencollective/-/opencollective-1.0.3.tgz",
			"integrity": "sha1-ruY3K8KBRFg2kMPKja7PwSDdDvE=",
			"requires": {
				"babel-polyfill": "6.23.0",
				"chalk": "1.1.3",
				"inquirer": "3.0.6",
				"minimist": "1.2.0",
				"node-fetch": "1.6.3",
				"opn": "4.0.2"
			},
			"dependencies": {
				"node-fetch": {
					"version": "1.6.3",
					"resolved": "https://registry.npmjs.org/node-fetch/-/node-fetch-1.6.3.tgz",
					"integrity": "sha1-3CNO3WSJmC1Y6PDbT2lQKavNjAQ=",
					"requires": {
						"encoding": "0.1.12",
						"is-stream": "1.1.0"
					}
				}
			}
		},
		"opn": {
			"version": "4.0.2",
			"resolved": "https://registry.npmjs.org/opn/-/opn-4.0.2.tgz",
			"integrity": "sha1-erwi5kTf9jsKltWrfyeQwPAavJU=",
			"requires": {
				"object-assign": "4.1.1",
				"pinkie-promise": "2.0.1"
			}
		},
		"os-tmpdir": {
			"version": "1.0.2",
			"resolved": "https://registry.npmjs.org/os-tmpdir/-/os-tmpdir-1.0.2.tgz",
			"integrity": "sha1-u+Z0BseaqFxc/sdm/lc0VV36EnQ="
		},
		"path-to-regexp": {
			"version": "1.7.0",
			"resolved": "https://registry.npmjs.org/path-to-regexp/-/path-to-regexp-1.7.0.tgz",
			"integrity": "sha1-Wf3g9DW62suhA6hOnTvGTpa5k30=",
			"requires": {
				"isarray": "0.0.1"
			}
		},
		"pinkie": {
			"version": "2.0.4",
			"resolved": "https://registry.npmjs.org/pinkie/-/pinkie-2.0.4.tgz",
			"integrity": "sha1-clVrgM+g1IqXToDnckjoDtT3+HA="
		},
		"pinkie-promise": {
			"version": "2.0.1",
			"resolved": "https://registry.npmjs.org/pinkie-promise/-/pinkie-promise-2.0.1.tgz",
			"integrity": "sha1-ITXW36ejWMBprJsXh3YogihFD/o=",
			"requires": {
				"pinkie": "2.0.4"
			}
		},
		"promise": {
			"version": "7.3.1",
			"resolved": "https://registry.npmjs.org/promise/-/promise-7.3.1.tgz",
			"integrity": "sha512-nolQXZ/4L+bP/UGlkfaIujX9BKxGwmQ9OT4mOt5yvy8iK1h3wqTEJCijzGANTCCl9nWjY41juyAn2K3Q1hLLTg==",
			"requires": {
				"asap": "2.0.6"
			}
		},
		"prop-types": {
			"version": "15.6.0",
			"resolved": "https://registry.npmjs.org/prop-types/-/prop-types-15.6.0.tgz",
			"integrity": "sha1-zq8IMCL8RrSjX2nhPvda7Q1jmFY=",
			"requires": {
				"fbjs": "0.8.16",
				"loose-envify": "1.3.1",
				"object-assign": "4.1.1"
			}
		},
		"react-addons-update": {
			"version": "15.6.2",
			"resolved": "https://registry.npmjs.org/react-addons-update/-/react-addons-update-15.6.2.tgz",
			"integrity": "sha1-5TdTxbNIh5dFEMiC1/sHWFHV5QQ=",
			"requires": {
				"fbjs": "0.8.16",
				"object-assign": "4.1.1"
			}
		},
		"react-native-button": {
			"version": "2.1.0",
			"resolved": "https://registry.npmjs.org/react-native-button/-/react-native-button-2.1.0.tgz",
			"integrity": "sha1-o54jKSkir+6k974UHdQ+GPG1GHY=",
			"requires": {
				"prop-types": "15.6.0"
			}
		},
		"react-native-dismiss-keyboard": {
			"version": "1.0.0",
			"resolved": "https://registry.npmjs.org/react-native-dismiss-keyboard/-/react-native-dismiss-keyboard-1.0.0.tgz",
			"integrity": "sha1-MohiQrPyMX4SHzrrmwpYXiuHm0k="
		},
		"react-native-drawer-layout": {
			"version": "1.3.2",
			"resolved": "https://registry.npmjs.org/react-native-drawer-layout/-/react-native-drawer-layout-1.3.2.tgz",
			"integrity": "sha512-fjO0scqbJUfNu2wuEpvywL7DYLXuCXJ2W/zYhWz986rdLytidbys1QGVvkaszHrb4Y7OqO96mTkgpOcP8KWevw==",
			"requires": {
				"react-native-dismiss-keyboard": "1.0.0"
			}
		},
		"react-native-drawer-layout-polyfill": {
			"version": "1.3.2",
			"resolved": "https://registry.npmjs.org/react-native-drawer-layout-polyfill/-/react-native-drawer-layout-polyfill-1.3.2.tgz",
			"integrity": "sha512-XzPhfLDJrYHru+e8+dFwhf0FtTeAp7JXPpFYezYV6P1nTeA1Tia/kDpFT+O2DWTrBKBEI8FGhZnThrroZmHIxg==",
			"requires": {
				"react-native-drawer-layout": "1.3.2"
			}
		},
		"react-native-router-flux": {
			"version": "4.0.0-beta.22",
			"resolved": "https://registry.npmjs.org/react-native-router-flux/-/react-native-router-flux-4.0.0-beta.22.tgz",
			"integrity": "sha512-SpXHvJr3t0Cb1C7JsBcab7lzW22e+X9QVEgtHFjDSuEH+0IZq+cFPcFJM5YduSpQeNtDC3dBQxp99t/XWZezxA==",
			"requires": {
				"lodash.isequal": "4.5.0",
				"mobx": "3.3.1",
				"mobx-react": "4.3.4",
				"opencollective": "1.0.3",
				"prop-types": "15.6.0",
				"react-native-button": "2.1.0",
				"react-navigation": "1.0.0-beta.15"
			}
		},
		"react-native-tab-view": {
			"version": "0.0.69",
			"resolved": "https://registry.npmjs.org/react-native-tab-view/-/react-native-tab-view-0.0.69.tgz",
			"integrity": "sha512-0K1wr40cDN90vZWZl3BfwYnUDb2mfRqFHIqkIsJCOlgu6t3vU9/I/afu/whpB3chKgumB925g5qBeC/OdGAODA==",
			"requires": {
				"prop-types": "15.6.0"
			}
		},
		"react-navigation": {
			"version": "1.0.0-beta.15",
			"resolved": "https://registry.npmjs.org/react-navigation/-/react-navigation-1.0.0-beta.15.tgz",
			"integrity": "sha512-0ZlS9YdTEhdeD29V4OO95JNkg49N824vTRLK57JjF+a7ZQMkRAzazYIy3ToWYErQUkGe9ZoQRfUxM3636bkQtg==",
			"requires": {
				"babel-plugin-transform-define": "1.3.0",
				"clamp": "1.0.1",
				"hoist-non-react-statics": "2.3.1",
				"path-to-regexp": "1.7.0",
				"prop-types": "15.6.0",
				"react-native-drawer-layout-polyfill": "1.3.2",
				"react-native-tab-view": "0.0.69"
			}
		},
		"react-redux": {
			"version": "5.0.6",
			"resolved": "https://registry.npmjs.org/react-redux/-/react-redux-5.0.6.tgz",
			"integrity": "sha512-8taaaGu+J7PMJQDJrk/xiWEYQmdo3mkXw6wPr3K3LxvXis3Fymiq7c13S+Tpls/AyNUAsoONkU81AP0RA6y6Vw==",
			"requires": {
				"hoist-non-react-statics": "2.3.1",
				"invariant": "2.2.2",
				"lodash": "4.17.4",
				"lodash-es": "4.17.4",
				"loose-envify": "1.3.1",
				"prop-types": "15.6.0"
			}
		},
		"redux": {
			"version": "3.7.2",
			"resolved": "https://registry.npmjs.org/redux/-/redux-3.7.2.tgz",
			"integrity": "sha512-pNqnf9q1hI5HHZRBkj3bAngGZW/JMCmexDlOxw4XagXY2o1327nHH54LoTjiPJ0gizoqPDRqWyX/00g0hD6w+A==",
			"requires": {
				"lodash": "4.17.4",
				"lodash-es": "4.17.4",
				"loose-envify": "1.3.1",
				"symbol-observable": "1.0.4"
			}
		},
		"redux-logger": {
			"version": "3.0.6",
			"resolved": "https://registry.npmjs.org/redux-logger/-/redux-logger-3.0.6.tgz",
			"integrity": "sha1-91VZZvMJjzyIYExEnPC69XeCdL8=",
			"dev": true,
			"requires": {
				"deep-diff": "0.3.8"
			}
		},
		"redux-thunk": {
			"version": "2.2.0",
			"resolved": "https://registry.npmjs.org/redux-thunk/-/redux-thunk-2.2.0.tgz",
			"integrity": "sha1-5hWhbha0ehmlFXZhM9Hj6Zt4UuU="
		},
		"regenerator-runtime": {
			"version": "0.10.5",
			"resolved": "https://registry.npmjs.org/regenerator-runtime/-/regenerator-runtime-0.10.5.tgz",
			"integrity": "sha1-M2w+/BIgrc7dosn6tntaeVWjNlg="
		},
		"restore-cursor": {
			"version": "2.0.0",
			"resolved": "https://registry.npmjs.org/restore-cursor/-/restore-cursor-2.0.0.tgz",
			"integrity": "sha1-n37ih/gv0ybU/RYpI9YhKe7g368=",
			"requires": {
				"onetime": "2.0.1",
				"signal-exit": "3.0.2"
			}
		},
		"run-async": {
			"version": "2.3.0",
			"resolved": "https://registry.npmjs.org/run-async/-/run-async-2.3.0.tgz",
			"integrity": "sha1-A3GrSuC91yDUFm19/aZP96RFpsA=",
			"requires": {
				"is-promise": "2.1.0"
			}
		},
		"rx": {
			"version": "4.1.0",
			"resolved": "https://registry.npmjs.org/rx/-/rx-4.1.0.tgz",
			"integrity": "sha1-pfE/957zt0D+MKqAP7CfmIBdR4I="
		},
		"setimmediate": {
			"version": "1.0.5",
			"resolved": "https://registry.npmjs.org/setimmediate/-/setimmediate-1.0.5.tgz",
			"integrity": "sha1-KQy7Iy4waULX1+qbg3Mqt4VvgoU="
		},
		"signal-exit": {
			"version": "3.0.2",
			"resolved": "https://registry.npmjs.org/signal-exit/-/signal-exit-3.0.2.tgz",
			"integrity": "sha1-tf3AjxKH6hF4Yo5BXiUTK3NkbG0="
		},
		"string-width": {
			"version": "2.1.1",
			"resolved": "https://registry.npmjs.org/string-width/-/string-width-2.1.1.tgz",
			"integrity": "sha512-nOqH59deCq9SRHlxq1Aw85Jnt4w6KvLKqWVik6oA9ZklXLNIOlqg4F2yrT1MVaTjAqvVwdfeZ7w7aCvJD7ugkw==",
			"requires": {
				"is-fullwidth-code-point": "2.0.0",
				"strip-ansi": "4.0.0"
			},
			"dependencies": {
				"ansi-regex": {
					"version": "3.0.0",
					"resolved": "https://registry.npmjs.org/ansi-regex/-/ansi-regex-3.0.0.tgz",
					"integrity": "sha1-7QMXwyIGT3lGbAKWa922Bas32Zg="
				},
				"strip-ansi": {
					"version": "4.0.0",
					"resolved": "https://registry.npmjs.org/strip-ansi/-/strip-ansi-4.0.0.tgz",
					"integrity": "sha1-qEeQIusaw2iocTibY1JixQXuNo8=",
					"requires": {
						"ansi-regex": "3.0.0"
					}
				}
			}
		},
		"strip-ansi": {
			"version": "3.0.1",
			"resolved": "https://registry.npmjs.org/strip-ansi/-/strip-ansi-3.0.1.tgz",
			"integrity": "sha1-ajhfuIU9lS1f8F0Oiq+UJ43GPc8=",
			"requires": {
				"ansi-regex": "2.1.1"
			}
		},
		"supports-color": {
			"version": "2.0.0",
			"resolved": "https://registry.npmjs.org/supports-color/-/supports-color-2.0.0.tgz",
			"integrity": "sha1-U10EXOa2Nj+kARcIRimZXp3zJMc="
		},
		"symbol-observable": {
			"version": "1.0.4",
			"resolved": "https://registry.npmjs.org/symbol-observable/-/symbol-observable-1.0.4.tgz",
			"integrity": "sha1-Kb9hXUqnEhvdiYsi1LP5vE4qoD0="
		},
		"through": {
			"version": "2.3.8",
			"resolved": "https://registry.npmjs.org/through/-/through-2.3.8.tgz",
			"integrity": "sha1-DdTJ/6q8NXlgsbckEV1+Doai4fU="
		},
		"tmp": {
			"version": "0.0.33",
			"resolved": "https://registry.npmjs.org/tmp/-/tmp-0.0.33.tgz",
			"integrity": "sha512-jRCJlojKnZ3addtTOjdIqoRuPEKBvNXcGYqzO6zWZX8KfKEpnGY5jfggJQ3EjKuu8D4bJRr0y+cYJFmYbImXGw==",
			"requires": {
				"os-tmpdir": "1.0.2"
			}
		},
		"traverse": {
			"version": "0.6.6",
			"resolved": "https://registry.npmjs.org/traverse/-/traverse-0.6.6.tgz",
			"integrity": "sha1-y99WD9e5r2MlAv7UD5GMFX6pcTc="
		},
		"ua-parser-js": {
			"version": "0.7.17",
			"resolved": "https://registry.npmjs.org/ua-parser-js/-/ua-parser-js-0.7.17.tgz",
			"integrity": "sha512-uRdSdu1oA1rncCQL7sCj8vSyZkgtL7faaw9Tc9rZ3mGgraQ7+Pdx7w5mnOSF3gw9ZNG6oc+KXfkon3bKuROm0g=="
		},
		"whatwg-fetch": {
			"version": "2.0.3",
			"resolved": "https://registry.npmjs.org/whatwg-fetch/-/whatwg-fetch-2.0.3.tgz",
			"integrity": "sha1-nITsLc9oGH/wC8ZOEnS0QhduHIQ="
		}
	}
}
